
Microsoft Visual Studio Solution File, Format Version 12.00
# Visual Studio Version 17
VisualStudioVersion = 17.0.31919.166
MinimumVisualStudioVersion = 10.0.40219.1
Project("{FAE04EC0-301F-11D3-BF4B-00C04F79EFBC}") = "11Var", "11Var.csproj", "{16D19C10-2992-4176-A8C3-3B3BBC7F3CD7}"
EndProject
Global
	GlobalSection(SolutionConfigurationPlatforms) = preSolution
		Debug|Any CPU = Debug|Any CPU
		Release|Any CPU = Release|Any CPU
	EndGlobalSection
	GlobalSection(ProjectConfigurationPlatforms) = postSolution
		{16D19C10-2992-4176-A8C3-3B3BBC7F3CD7}.Debug|Any CPU.ActiveCfg = Debug|Any CPU
		{16D19C10-2992-4176-A8C3-3B3BBC7F3CD7}.Debug|Any CPU.Build.0 = Debug|Any CPU
		{16D19C10-2992-4176-A8C3-3B3BBC7F3CD7}.Release|Any CPU.ActiveCfg = Release|Any CPU
		{16D19C10-2992-4176-A8C3-3B3BBC7F3CD7}.Release|Any CPU.Build.0 = Release|Any CPU
	EndGlobalSection
	GlobalSection(SolutionProperties) = preSolution
		HideSolutionNode = FALSE
	EndGlobalSection
	GlobalSection(ExtensibilityGlobals) = postSolution
		SolutionGuid = {4DD68214-4787-45F0-9C36-7D194B38510F}
	EndGlobalSection
EndGlobal
